// !$*UTF8*$!
{
	archiveVersion = 1;
	classes = {
	};
	objectVersion = 50;
	objects = {

/* Begin PBXBuildFile section */
		42CBDD2423B9AE95001808BB /* AppDelegate.swift in Sources */ = {isa = PBXBuildFile; fileRef = 42CBDD2323B9AE95001808BB /* AppDelegate.swift */; };
		42CBDD2623B9AE95001808BB /* SceneDelegate.swift in Sources */ = {isa = PBXBuildFile; fileRef = 42CBDD2523B9AE95001808BB /* SceneDelegate.swift */; };
		42CBDD2823B9AE95001808BB /* ViewController.swift in Sources */ = {isa = PBXBuildFile; fileRef = 42CBDD2723B9AE95001808BB /* ViewController.swift */; };
		42CBDD2B23B9AE95001808BB /* Main.storyboard in Resources */ = {isa = PBXBuildFile; fileRef = 42CBDD2923B9AE95001808BB /* Main.storyboard */; };
		42CBDD2D23B9AE97001808BB /* Assets.xcassets in Resources */ = {isa = PBXBuildFile; fileRef = 42CBDD2C23B9AE97001808BB /* Assets.xcassets */; };
		42CBDD3023B9AE97001808BB /* LaunchScreen.storyboard in Resources */ = {isa = PBXBuildFile; fileRef = 42CBDD2E23B9AE97001808BB /* LaunchScreen.storyboard */; };
/* End PBXBuildFile section */

/* Begin PBXFileReference section */
		42CBDD2023B9AE95001808BB /* I Am Rick.app */ = {isa = PBXFileReference; explicitFileType = wrapper.application; includeInIndex = 0; path = "I Am Rick.app"; sourceTree = BUILT_PRODUCTS_DIR; };
		42CBDD2323B9AE95001808BB /* AppDelegate.swift */ = {isa = PBXFileReference; lastKnownFileType = sourcecode.swift; path = AppDelegate.swift; sourceTree = "<group>"; };
		42CBDD2523B9AE95001808BB /* SceneDelegate.swift */ = {isa = PBXFileReference; lastKnownFileType = sourcecode.swift; path = SceneDelegate.swift; sourceTree = "<group>"; };
		42CBDD2723B9AE95001808BB /* ViewController.swift */ = {isa = PBXFileReference; lastKnownFileType = sourcecode.swift; path = ViewController.swift; sourceTree = "<group>"; };
		42CBDD2A23B9AE95001808BB /* Base */ = {isa = PBXFileReference; lastKnownFileType = file.storyboard; name = Base; path = Base.lproj/Main.storyboard; sourceTree = "<group>"; };
		42CBDD2C23B9AE97001808BB /* Assets.xcassets */ = {isa = PBXFileReference; lastKnownFileType = folder.assetcatalog; path = Assets.xcassets; sourceTree = "<group>"; };
		42CBDD2F23B9AE97001808BB /* Base */ = {isa = PBXFileReference; lastKnownFileType = file.storyboard; name = Base; path = Base.lproj/LaunchScreen.storyboard; sourceTree = "<group>"; };
		42CBDD3123B9AE97001808BB /* Info.plist */ = {isa = PBXFileReference; lastKnownFileType = text.plist.xml; path = Info.plist; sourceTree = "<group>"; };
/* End PBXFileReference section */

/* Begin PBXFrameworksBuildPhase section */
		42CBDD1D23B9AE95001808BB /* Frameworks */ = {
			isa = PBXFrameworksBuildPhase;
			buildActionMask = 2147483647;
			files = (
			);
			runOnlyForDeploymentPostprocessing = 0;
		};
/* End PBXFrameworksBuildPhase section */

/* Begin PBXGroup section */
		42CBDD1723B9AE95001808BB = {
			isa = PBXGroup;
			children = (
				42CBDD2223B9AE95001808BB /* I Am Rick */,
				42CBDD2123B9AE95001808BB /* Products */,
			);
			sourceTree = "<group>";
		};
		42CBDD2123B9AE95001808BB /* Products */ = {
			isa = PBXGroup;
			children = (
				42CBDD2023B9AE95001808BB /* I Am Rick.app */,
			);
			name = Products;
			sourceTree = "<group>";
		};
		42CBDD2223B9AE95001808BB /* I Am Rick */ = {
			isa = PBXGroup;
			children = (
				42CBDD2323B9AE95001808BB /* AppDelegate.swift */,
				42CBDD2523B9AE95001808BB /* SceneDelegate.swift */,
				42CBDD2723B9AE95001808BB /* ViewController.swift */,
				42CBDD2923B9AE95001808BB /* Main.storyboard */,
				42CBDD2C23B9AE97001808BB /* Assets.xcassets */,
				42CBDD2E23B9AE97001808BB /* LaunchScreen.storyboard */,
				42CBDD3123B9AE97001808BB /* Info.plist */,
			);
			path = "I Am Rick";
			sourceTree = "<group>";
		};
/* End PBXGroup section */

/* Begin PBXNativeTarget section */
		42CBDD1F23B9AE95001808BB /* I Am Rick */ = {
			isa = PBXNativeTarget;
			buildConfigurationList = 42CBDD3423B9AE97001808BB /* Build configuration list for PBXNativeTarget "I Am Rick" */;
			buildPhases = (
				42CBDD1C23B9AE95001808BB /* Sources */,
				42CBDD1D23B9AE95001808BB /* Frameworks */,
				42CBDD1E23B9AE95001808BB /* Resources */,
			);
			buildRules = (
			);
			dependencies = (
			);
			name = "I Am Rick";
			productName = "I Am Rick";
			productReference = 42CBDD2023B9AE95001808BB /* I Am Rick.app */;
			productType = "com.apple.product-type.application";
		};
/* End PBXNativeTarget section */

/* Begin PBXProject section */
		42CBDD1823B9AE95001808BB /* Project object */ = {
			isa = PBXProject;
			attributes = {
				LastSwiftUpdateCheck = 1130;
				LastUpgradeCheck = 1130;
				ORGANIZATIONNAME = "Yizhen Shi";
				TargetAttributes = {
					42CBDD1F23B9AE95001808BB = {
						CreatedOnToolsVersion = 11.3;
					};
				};
			};
			buildConfigurationList = 42CBDD1B23B9AE95001808BB /* Build configuration list for PBXProject "I Am Rick" */;
			compatibilityVersion = "Xcode 9.3";
			developmentRegion = en;
			hasScannedForEncodings = 0;
			knownRegions = (
				en,
				Base,
			);
			mainGroup = 42CBDD1723B9AE95001808BB;
			productRefGroup = 42CBDD2123B9AE95001808BB /* Products */;
			projectDirPath = "";
			projectRoot = "";
			targets = (
				42CBDD1F23B9AE95001808BB /* I Am Rick */,
			);
		};
/* End PBXProject section */

/* Begin PBXResourcesBuildPhase section */
		42CBDD1E23B9AE95001808BB /* Resources */ = {
			isa = PBXResourcesBuildPhase;
			buildActionMask = 2147483647;
			files = (
				42CBDD3023B9AE97001808BB /* LaunchScreen.storyboard in Resources */,
				42CBDD2D23B9AE97001808BB /* Assets.xcassets in Resources */,
				42CBDD2B23B9AE95001808BB /* Main.storyboard in Resources */,
			);
			runOnlyForDeploymentPostprocessing = 0;
		};
/* End PBXResourcesBuildPhase section */

/* Begin PBXSourcesBuildPhase section */
		42CBDD1C23B9AE95001808BB /* Sources */ = {
			isa = PBXSourcesBuildPhase;
			buildActionMask = 2147483647;
			files = (
				42CBDD2823B9AE95001808BB /* ViewController.swift in Sources */,
				42CBDD2423B9AE95001808BB /* AppDelegate.swift in Sources */,
				42CBDD2623B9AE95001808BB /* SceneDelegate.swift in Sources */,
			);
			runOnlyForDeploymentPostprocessing = 0;
		};
/* End PBXSourcesBuildPhase section */

/* Begin PBXVariantGroup section */
		42CBDD2923B9AE95001808BB /* Main.storyboard */ = {
			isa = PBXVariantGroup;
			children = (
				42CBDD2A23B9AE95001808BB /* Base */,
			);
			name = Main.storyboard;
			sourceTree = "<group>";
		};
		42CBDD2E23B9AE97001808BB /* LaunchScreen.storyboard */ = {
			isa = PBXVariantGroup;
			children = (
				42CBDD2F23B9AE97001808BB /* Base */,
			);
			name = LaunchScreen.storyboard;
			sourceTree = "<group>";
		};
/* End PBXVariantGroup section */

/* Begin XCBuildConfiguration section */
		42CBDD3223B9AE97001808BB /* Debug */ = {
			isa = XCBuildConfiguration;
			buildSettings = {
				ALWAYS_SEARCH_USER_PATHS = NO;
				CLANG_ANALYZER_NONNULL = YES;
				CLANG_ANALYZER_NUMBER_OBJECT_CONVERSION = YES_AGGRESSIVE;
				CLANG_CXX_LANGUAGE_STANDARD = "gnu++14";
				CLANG_CXX_LIBRARY = "libc++";
				CLANG_ENABLE_MODULES = YES;
				CLANG_ENABLE_OBJC_ARC = YES;
				CLANG_ENABLE_OBJC_WEAK = YES;
				CLANG_WARN_BLOCK_CAPTURE_AUTORELEASING = YES;
				CLANG_WARN_BOOL_CONVERSION = YES;
				CLANG_WARN_COMMA = YES;
				CLANG_WARN_CONSTANT_CONVERSION = YES;
				CLANG_WARN_DEPRECATED_OBJC_IMPLEMENTATIONS = YES;
				CLANG_WARN_DIRECT_OBJC_ISA_USAGE = YES_ERROR;
				CLANG_WARN_DOCUMENTATION_COMMENTS = YES;
				CLANG_WARN_EMPTY_BODY = YES;
				CLANG_WARN_ENUM_CONVERSION = YES;
				CLANG_WARN_INFINITE_RECURSION = YES;
				CLANG_WARN_INT_CONVERSION = YES;
				CLANG_WARN_NON_LITERAL_NULL_CONVERSION = YES;
				CLANG_WARN_OBJC_IMPLICIT_RETAIN_SELF = YES;
				CLANG_WARN_OBJC_LITERAL_CONVERSION = YES;
				CLANG_WARN_OBJC_ROOT_CLASS = YES_ERROR;
				CLANG_WARN_RANGE_LOOP_ANALYSIS = YES;
				CLANG_WARN_STRICT_PROTOTYPES = YES;
				CLANG_WARN_SUSPICIOUS_MOVE = YES;
				CLANG_WARN_UNGUARDED_AVAILABILITY = YES_AGGRESSIVE;
				CLANG_WARN_UNREACHABLE_CODE = YES;
				CLANG_WARN__DUPLICATE_METHOD_MATCH = YES;
				COPY_PHASE_STRIP = NO;
				DEBUG_INFORMATION_FORMAT = dwarf;
				ENABLE_STRICT_OBJC_MSGSEND = YES;
				ENABLE_TESTABILITY = YES;
				GCC_C_LANGUAGE_STANDARD = gnu11;
				GCC_DYNAMIC_NO_PIC = NO;
				GCC_NO_COMMON_BLOCKS = YES;
				GCC_OPTIMIZATION_LEVEL = 0;
				GCC_PREPROCESSOR_DEFINITIONS = (
					"DEBUG=1",
					"$(inherited)",
				);
				GCC_WARN_64_TO_32_BIT_CONVERSION = YES;
				GCC_WARN_ABOUT_RETURN_TYPE = YES_ERROR;
				GCC_WARN_UNDECLARED_SELECTOR = YES;
				GCC_WARN_UNINITIALIZED_AUTOS = YES_AGGRESSIVE;
				GCC_WARN_UNUSED_FUNCTION = YES;
				GCC_WARN_UNUSED_VARIABLE = YES;
				IPHONEOS_DEPLOYMENT_TARGET = 13.2;
				MTL_ENABLE_DEBUG_INFO = INCLUDE_SOURCE;
				MTL_FAST_MATH = YES;
				ONLY_ACTIVE_ARCH = YES;
				SDKROOT = iphoneos;
				SWIFT_ACTIVE_COMPILATION_CONDITIONS = DEBUG;
				SWIFT_OPTIMIZATION_LEVEL = "-Onone";
			};
			name = Debug;
		};
		42CBDD3323B9AE97001808BB /* Release */ = {
			isa = XCBuildConfiguration;
			buildSettings = {
				ALWAYS_SEARCH_USER_PATHS = NO;
				CLANG_ANALYZER_NONNULL = YES;
				CLANG_ANALYZER_NUMBER_OBJECT_CONVERSION = YES_AGGRESSIVE;
				CLANG_CXX_LANGUAGE_STANDARD = "gnu++14";
				CLANG_CXX_LIBRARY = "libc++";
				CLANG_ENABLE_MODULES = YES;
				CLANG_ENABLE_OBJC_ARC = YES;
				CLANG_ENABLE_OBJC_WEAK = YES;
				CLANG_WARN_BLOCK_CAPTURE_AUTORELEASING = YES;
				CLANG_WARN_BOOL_CONVERSION = YES;
				CLANG_WARN_COMMA = YES;
				CLANG_WARN_CONSTANT_CONVERSION = YES;
				CLANG_WARN_DEPRECATED_OBJC_IMPLEMENTATIONS = YES;
				CLANG_WARN_DIRECT_OBJC_ISA_USAGE = YES_ERROR;
				CLANG_WARN_DOCUMENTATION_COMMENTS = YES;
				CLANG_WARN_EMPTY_BODY = YES;
				CLANG_WARN_ENUM_CONVERSION = YES;
				CLANG_WARN_INFINITE_RECURSION = YES;
				CLANG_WARN_INT_CONVERSION = YES;
				CLANG_WARN_NON_LITERAL_NULL_CONVERSION = YES;
				CLANG_WARN_OBJC_IMPLICIT_RETAIN_SELF = YES;
				CLANG_WARN_OBJC_LITERAL_CONVERSION = YES;
				CLANG_WARN_OBJC_ROOT_CLASS = YES_ERROR;
				CLANG_WARN_RANGE_LOOP_ANALYSIS = YES;
				CLANG_WARN_STRICT_PROTOTYPES = YES;
				CLANG_WARN_SUSPICIOUS_MOVE = YES;
				CLANG_WARN_UNGUARDED_AVAILABILITY = YES_AGGRESSIVE;
				CLANG_WARN_UNREACHABLE_CODE = YES;
				CLANG_WARN__DUPLICATE_METHOD_MATCH = YES;
				COPY_PHASE_STRIP = NO;
				DEBUG_INFORMATION_FORMAT = "dwarf-with-dsym";
				ENABLE_NS_ASSERTIONS = NO;
				ENABLE_STRICT_OBJC_MSGSEND = YES;
				GCC_C_LANGUAGE_STANDARD = gnu11;
				GCC_NO_COMMON_BLOCKS = YES;
				GCC_WARN_64_TO_32_BIT_CONVERSION = YES;
				GCC_WARN_ABOUT_RETURN_TYPE = YES_ERROR;
				GCC_WARN_UNDECLARED_SELECTOR = YES;
				GCC_WARN_UNINITIALIZED_AUTOS = YES_AGGRESSIVE;
				GCC_WARN_UNUSED_FUNCTION = YES;
				GCC_WARN_UNUSED_VARIABLE = YES;
				IPHONEOS_DEPLOYMENT_TARGET = 13.2;
				MTL_ENABLE_DEBUG_INFO = NO;
				MTL_FAST_MATH = YES;
				SDKROOT = iphoneos;
				SWIFT_COMPILATION_MODE = wholemodule;
				SWIFT_OPTIMIZATION_LEVEL = "-O";
				VALIDATE_PRODUCT = YES;
			};
			name = Release;
		};
		42CBDD3523B9AE97001808BB /* Debug */ = {
			isa = XCBuildConfiguration;
			buildSettings = {
				ASSETCATALOG_COMPILER_APPICON_NAME = AppIcon;
				CODE_SIGN_STYLE = Automatic;
				DEVELOPMENT_TEAM = RH3D4V4LFC;
				INFOPLIST_FILE = "I Am Rick/Info.plist";
				IPHONEOS_DEPLOYMENT_TARGET = 13.2;
				LD_RUNPATH_SEARCH_PATHS = (
					"$(inherited)",
					"@executable_path/Frameworks",
				);
				PRODUCT_BUNDLE_IDENTIFIER = "com.yizhens.I-Am-Rick";
				PRODUCT_NAME = "$(TARGET_NAME)";
				SWIFT_VERSION = 5.0;
				TARGETED_DEVICE_FAMILY = "1,2";
			};
			name = Debug;
		};
		42CBDD3623B9AE97001808BB /* Release */ = {
			isa = XCBuildConfiguration;
			buildSettings = {
				ASSETCATALOG_COMPILER_APPICON_NAME = AppIcon;
				CODE_SIGN_STYLE = Automatic;
				DEVELOPMENT_TEAM = RH3D4V4LFC;
				INFOPLIST_FILE = "I Am Rick/Info.plist";
				IPHONEOS_DEPLOYMENT_TARGET = 13.2;
				LD_RUNPATH_SEARCH_PATHS = (
					"$(inherited)",
					"@executable_path/Frameworks",
				);
				PRODUCT_BUNDLE_IDENTIFIER = "com.yizhens.I-Am-Rick";
				PRODUCT_NAME = "$(TARGET_NAME)";
				SWIFT_VERSION = 5.0;
				TARGETED_DEVICE_FAMILY = "1,2";
			};
			name = Release;
		};
/* End XCBuildConfiguration section */

/* Begin XCConfigurationList section */
		42CBDD1B23B9AE95001808BB /* Build configuration list for PBXProject "I Am Rick" */ = {
			isa = XCConfigurationList;
			buildConfigurations = (
				42CBDD3223B9AE97001808BB /* Debug */,
				42CBDD3323B9AE97001808BB /* Release */,
			);
			defaultConfigurationIsVisible = 0;
			defaultConfigurationName = Release;
		};
		42CBDD3423B9AE97001808BB /* Build configuration list for PBXNativeTarget "I Am Rick" */ = {
			isa = XCConfigurationList;
			buildConfigurations = (
				42CBDD3523B9AE97001808BB /* Debug */,
				42CBDD3623B9AE97001808BB /* Release */,
			);
			defaultConfigurationIsVisible = 0;
			defaultConfigurationName = Release;
		};
/* End XCConfigurationList section */
	};
	rootObject = 42CBDD1823B9AE95001808BB /* Project object */;
}
